// !$*UTF8*$!
{
	archiveVersion = 1;
	classes = {
	};
	objectVersion = 50;
	objects = {

/* Begin PBXBuildFile section */
		6E725798346BBE9F6F3A08AE /* Pods_Frizzly.framework in Frameworks */ = {isa = PBXBuildFile; fileRef = CD59DF784D4F31BD72280A2E /* Pods_Frizzly.framework */; };
		7752CDC9241411B400231341 /* AppDelegate.swift in Sources */ = {isa = PBXBuildFile; fileRef = 7752CDC8241411B400231341 /* AppDelegate.swift */; };
		7752CDCB241411B400231341 /* ViewController.swift in Sources */ = {isa = PBXBuildFile; fileRef = 7752CDCA241411B400231341 /* ViewController.swift */; };
		7752CDCE241411B400231341 /* Main.storyboard in Resources */ = {isa = PBXBuildFile; fileRef = 7752CDCC241411B400231341 /* Main.storyboard */; };
		7752CDD0241411B700231341 /* Assets.xcassets in Resources */ = {isa = PBXBuildFile; fileRef = 7752CDCF241411B700231341 /* Assets.xcassets */; };
		7752CDD3241411B700231341 /* LaunchScreen.storyboard in Resources */ = {isa = PBXBuildFile; fileRef = 7752CDD1241411B700231341 /* LaunchScreen.storyboard */; };
		7752CDDB24141D3500231341 /* GoogleService-Info.plist in Resources */ = {isa = PBXBuildFile; fileRef = 7752CDDA24141D3400231341 /* GoogleService-Info.plist */; };
		77ACA2CF24141F680048F1DE /* checkNetwork.swift in Sources */ = {isa = PBXBuildFile; fileRef = 77ACA2C524141F680048F1DE /* checkNetwork.swift */; };
		77ACA2D024141F680048F1DE /* custom+Navigation.swift in Sources */ = {isa = PBXBuildFile; fileRef = 77ACA2C624141F680048F1DE /* custom+Navigation.swift */; };
		77ACA2D124141F680048F1DE /* keyboard+Hide.swift in Sources */ = {isa = PBXBuildFile; fileRef = 77ACA2C724141F680048F1DE /* keyboard+Hide.swift */; };
		77ACA2D224141F680048F1DE /* instantiate+ViewController.swift in Sources */ = {isa = PBXBuildFile; fileRef = 77ACA2C824141F680048F1DE /* instantiate+ViewController.swift */; };
		77ACA2D324141F680048F1DE /* alert+Function.swift in Sources */ = {isa = PBXBuildFile; fileRef = 77ACA2CA24141F680048F1DE /* alert+Function.swift */; };
		77ACA2D424141F680048F1DE /* haptic+Feedback.swift in Sources */ = {isa = PBXBuildFile; fileRef = 77ACA2CB24141F680048F1DE /* haptic+Feedback.swift */; };
		77ACA2D524141F680048F1DE /* google+SignIn.swift in Sources */ = {isa = PBXBuildFile; fileRef = 77ACA2CD24141F680048F1DE /* google+SignIn.swift */; };
		77ACA2D624141F680048F1DE /* email+SignOut.swift in Sources */ = {isa = PBXBuildFile; fileRef = 77ACA2CE24141F680048F1DE /* email+SignOut.swift */; };
		77ACA2DE24141F840048F1DE /* constant+Functions.swift in Sources */ = {isa = PBXBuildFile; fileRef = 77ACA2D924141F830048F1DE /* constant+Functions.swift */; };
		77ACA2E124141F840048F1DE /* RoundedCornerView.swift in Sources */ = {isa = PBXBuildFile; fileRef = 77ACA2DC24141F830048F1DE /* RoundedCornerView.swift */; };
		77ACA2E424141F8B0048F1DE /* Reachability.swift in Sources */ = {isa = PBXBuildFile; fileRef = 77ACA2E324141F8B0048F1DE /* Reachability.swift */; };
/* End PBXBuildFile section */

/* Begin PBXFileReference section */
		66FD6098A7B71F0DE7CD0EF7 /* Pods-Frizzly.release.xcconfig */ = {isa = PBXFileReference; includeInIndex = 1; lastKnownFileType = text.xcconfig; name = "Pods-Frizzly.release.xcconfig"; path = "Target Support Files/Pods-Frizzly/Pods-Frizzly.release.xcconfig"; sourceTree = "<group>"; };
		7752CDC5241411B400231341 /* Frizzly.app */ = {isa = PBXFileReference; explicitFileType = wrapper.application; includeInIndex = 0; path = Frizzly.app; sourceTree = BUILT_PRODUCTS_DIR; };
		7752CDC8241411B400231341 /* AppDelegate.swift */ = {isa = PBXFileReference; lastKnownFileType = sourcecode.swift; path = AppDelegate.swift; sourceTree = "<group>"; };
		7752CDCA241411B400231341 /* ViewController.swift */ = {isa = PBXFileReference; lastKnownFileType = sourcecode.swift; path = ViewController.swift; sourceTree = "<group>"; };
		7752CDCD241411B400231341 /* Base */ = {isa = PBXFileReference; lastKnownFileType = file.storyboard; name = Base; path = Base.lproj/Main.storyboard; sourceTree = "<group>"; };
		7752CDCF241411B700231341 /* Assets.xcassets */ = {isa = PBXFileReference; lastKnownFileType = folder.assetcatalog; path = Assets.xcassets; sourceTree = "<group>"; };
		7752CDD2241411B700231341 /* Base */ = {isa = PBXFileReference; lastKnownFileType = file.storyboard; name = Base; path = Base.lproj/LaunchScreen.storyboard; sourceTree = "<group>"; };
		7752CDD4241411B700231341 /* Info.plist */ = {isa = PBXFileReference; lastKnownFileType = text.plist.xml; path = Info.plist; sourceTree = "<group>"; };
		7752CDDA24141D3400231341 /* GoogleService-Info.plist */ = {isa = PBXFileReference; fileEncoding = 4; lastKnownFileType = text.plist.xml; path = "GoogleService-Info.plist"; sourceTree = "<group>"; };
		77ACA2C524141F680048F1DE /* checkNetwork.swift */ = {isa = PBXFileReference; fileEncoding = 4; lastKnownFileType = sourcecode.swift; path = checkNetwork.swift; sourceTree = "<group>"; };
		77ACA2C624141F680048F1DE /* custom+Navigation.swift */ = {isa = PBXFileReference; fileEncoding = 4; lastKnownFileType = sourcecode.swift; path = "custom+Navigation.swift"; sourceTree = "<group>"; };
		77ACA2C724141F680048F1DE /* keyboard+Hide.swift */ = {isa = PBXFileReference; fileEncoding = 4; lastKnownFileType = sourcecode.swift; path = "keyboard+Hide.swift"; sourceTree = "<group>"; };
		77ACA2C824141F680048F1DE /* instantiate+ViewController.swift */ = {isa = PBXFileReference; fileEncoding = 4; lastKnownFileType = sourcecode.swift; path = "instantiate+ViewController.swift"; sourceTree = "<group>"; };
		77ACA2CA24141F680048F1DE /* alert+Function.swift */ = {isa = PBXFileReference; fileEncoding = 4; lastKnownFileType = sourcecode.swift; path = "alert+Function.swift"; sourceTree = "<group>"; };
		77ACA2CB24141F680048F1DE /* haptic+Feedback.swift */ = {isa = PBXFileReference; fileEncoding = 4; lastKnownFileType = sourcecode.swift; path = "haptic+Feedback.swift"; sourceTree = "<group>"; };
		77ACA2CD24141F680048F1DE /* google+SignIn.swift */ = {isa = PBXFileReference; fileEncoding = 4; lastKnownFileType = sourcecode.swift; path = "google+SignIn.swift"; sourceTree = "<group>"; };
		77ACA2CE24141F680048F1DE /* email+SignOut.swift */ = {isa = PBXFileReference; fileEncoding = 4; lastKnownFileType = sourcecode.swift; path = "email+SignOut.swift"; sourceTree = "<group>"; };
		77ACA2D924141F830048F1DE /* constant+Functions.swift */ = {isa = PBXFileReference; fileEncoding = 4; lastKnownFileType = sourcecode.swift; path = "constant+Functions.swift"; sourceTree = "<group>"; };
		77ACA2DC24141F830048F1DE /* RoundedCornerView.swift */ = {isa = PBXFileReference; fileEncoding = 4; lastKnownFileType = sourcecode.swift; path = RoundedCornerView.swift; sourceTree = "<group>"; };
		77ACA2E324141F8B0048F1DE /* Reachability.swift */ = {isa = PBXFileReference; fileEncoding = 4; lastKnownFileType = sourcecode.swift; path = Reachability.swift; sourceTree = "<group>"; };
		A0A1C1670A2F0E0C3B9BA096 /* Pods-Frizzly.debug.xcconfig */ = {isa = PBXFileReference; includeInIndex = 1; lastKnownFileType = text.xcconfig; name = "Pods-Frizzly.debug.xcconfig"; path = "Target Support Files/Pods-Frizzly/Pods-Frizzly.debug.xcconfig"; sourceTree = "<group>"; };
		CD59DF784D4F31BD72280A2E /* Pods_Frizzly.framework */ = {isa = PBXFileReference; explicitFileType = wrapper.framework; includeInIndex = 0; path = Pods_Frizzly.framework; sourceTree = BUILT_PRODUCTS_DIR; };
/* End PBXFileReference section */

/* Begin PBXFrameworksBuildPhase section */
		7752CDC2241411B400231341 /* Frameworks */ = {
			isa = PBXFrameworksBuildPhase;
			buildActionMask = 2147483647;
			files = (
				6E725798346BBE9F6F3A08AE /* Pods_Frizzly.framework in Frameworks */,
			);
			runOnlyForDeploymentPostprocessing = 0;
		};
/* End PBXFrameworksBuildPhase section */

/* Begin PBXGroup section */
		7752CDBC241411B400231341 = {
			isa = PBXGroup;
			children = (
				7752CDC7241411B400231341 /* Frizzly */,
				7752CDC6241411B400231341 /* Products */,
				A897B878FB3D38967CB3852E /* Pods */,
				E72E70A4A4CD92F504028C93 /* Frameworks */,
			);
			sourceTree = "<group>";
		};
		7752CDC6241411B400231341 /* Products */ = {
			isa = PBXGroup;
			children = (
				7752CDC5241411B400231341 /* Frizzly.app */,
			);
			name = Products;
			sourceTree = "<group>";
		};
		7752CDC7241411B400231341 /* Frizzly */ = {
			isa = PBXGroup;
			children = (
				7752CDC8241411B400231341 /* AppDelegate.swift */,
				77ACA2E6241422460048F1DE /* Controllers */,
				77ACA2E52414222C0048F1DE /* View */,
				77ACA2C324141F680048F1DE /* Extensions */,
				77ACA2E224141F8B0048F1DE /* Services */,
				77ACA2D724141F830048F1DE /* Helpers */,
				7752CDCF241411B700231341 /* Assets.xcassets */,
				7752CDD4241411B700231341 /* Info.plist */,
				7752CDDA24141D3400231341 /* GoogleService-Info.plist */,
			);
			path = Frizzly;
			sourceTree = "<group>";
		};
		77ACA2C324141F680048F1DE /* Extensions */ = {
			isa = PBXGroup;
			children = (
				77ACA2C424141F680048F1DE /* utils+Extensions */,
				77ACA2C924141F680048F1DE /* alertNhaptic+Extensions */,
				77ACA2CC24141F680048F1DE /* auth+Extensions */,
			);
			path = Extensions;
			sourceTree = "<group>";
		};
		77ACA2C424141F680048F1DE /* utils+Extensions */ = {
			isa = PBXGroup;
			children = (
				77ACA2C524141F680048F1DE /* checkNetwork.swift */,
				77ACA2C624141F680048F1DE /* custom+Navigation.swift */,
				77ACA2C724141F680048F1DE /* keyboard+Hide.swift */,
				77ACA2C824141F680048F1DE /* instantiate+ViewController.swift */,
			);
			path = "utils+Extensions";
			sourceTree = "<group>";
		};
		77ACA2C924141F680048F1DE /* alertNhaptic+Extensions */ = {
			isa = PBXGroup;
			children = (
				77ACA2CA24141F680048F1DE /* alert+Function.swift */,
				77ACA2CB24141F680048F1DE /* haptic+Feedback.swift */,
			);
			path = "alertNhaptic+Extensions";
			sourceTree = "<group>";
		};
		77ACA2CC24141F680048F1DE /* auth+Extensions */ = {
			isa = PBXGroup;
			children = (
				77ACA2CD24141F680048F1DE /* google+SignIn.swift */,
				77ACA2CE24141F680048F1DE /* email+SignOut.swift */,
			);
			path = "auth+Extensions";
			sourceTree = "<group>";
		};
		77ACA2D724141F830048F1DE /* Helpers */ = {
			isa = PBXGroup;
			children = (
				77ACA2D924141F830048F1DE /* constant+Functions.swift */,
				77ACA2DC24141F830048F1DE /* RoundedCornerView.swift */,
			);
			path = Helpers;
			sourceTree = "<group>";
		};
		77ACA2E224141F8B0048F1DE /* Services */ = {
			isa = PBXGroup;
			children = (
				77ACA2E324141F8B0048F1DE /* Reachability.swift */,
			);
			path = Services;
			sourceTree = "<group>";
		};
		77ACA2E52414222C0048F1DE /* View */ = {
			isa = PBXGroup;
			children = (
				7752CDCC241411B400231341 /* Main.storyboard */,
				7752CDD1241411B700231341 /* LaunchScreen.storyboard */,
			);
			path = View;
			sourceTree = "<group>";
		};
		77ACA2E6241422460048F1DE /* Controllers */ = {
			isa = PBXGroup;
			children = (
				7752CDCA241411B400231341 /* ViewController.swift */,
			);
			path = Controllers;
			sourceTree = "<group>";
		};
		A897B878FB3D38967CB3852E /* Pods */ = {
			isa = PBXGroup;
			children = (
				A0A1C1670A2F0E0C3B9BA096 /* Pods-Frizzly.debug.xcconfig */,
				66FD6098A7B71F0DE7CD0EF7 /* Pods-Frizzly.release.xcconfig */,
			);
			path = Pods;
			sourceTree = "<group>";
		};
		E72E70A4A4CD92F504028C93 /* Frameworks */ = {
			isa = PBXGroup;
			children = (
				CD59DF784D4F31BD72280A2E /* Pods_Frizzly.framework */,
			);
			name = Frameworks;
			sourceTree = "<group>";
		};
/* End PBXGroup section */

/* Begin PBXNativeTarget section */
		7752CDC4241411B400231341 /* Frizzly */ = {
			isa = PBXNativeTarget;
			buildConfigurationList = 7752CDD7241411B700231341 /* Build configuration list for PBXNativeTarget "Frizzly" */;
			buildPhases = (
				7C816590C653CE98AA7BD8A4 /* [CP] Check Pods Manifest.lock */,
				7752CDC1241411B400231341 /* Sources */,
				7752CDC2241411B400231341 /* Frameworks */,
				7752CDC3241411B400231341 /* Resources */,
				A8E7A597680512AFB79ABFFA /* [CP] Embed Pods Frameworks */,
				C99E0379B978E4BD7E1C3699 /* [CP] Copy Pods Resources */,
			);
			buildRules = (
			);
			dependencies = (
			);
			name = Frizzly;
			productName = Frizzly;
			productReference = 7752CDC5241411B400231341 /* Frizzly.app */;
			productType = "com.apple.product-type.application";
		};
/* End PBXNativeTarget section */

/* Begin PBXProject section */
		7752CDBD241411B400231341 /* Project object */ = {
			isa = PBXProject;
			attributes = {
				LastSwiftUpdateCheck = 1010;
				LastUpgradeCheck = 1010;
				ORGANIZATIONNAME = "Devang Patel";
				TargetAttributes = {
					7752CDC4241411B400231341 = {
						CreatedOnToolsVersion = 10.1;
					};
				};
			};
			buildConfigurationList = 7752CDC0241411B400231341 /* Build configuration list for PBXProject "Frizzly" */;
			compatibilityVersion = "Xcode 9.3";
			developmentRegion = en;
			hasScannedForEncodings = 0;
			knownRegions = (
				en,
				Base,
			);
			mainGroup = 7752CDBC241411B400231341;
			productRefGroup = 7752CDC6241411B400231341 /* Products */;
			projectDirPath = "";
			projectRoot = "";
			targets = (
				7752CDC4241411B400231341 /* Frizzly */,
			);
		};
/* End PBXProject section */

/* Begin PBXResourcesBuildPhase section */
		7752CDC3241411B400231341 /* Resources */ = {
			isa = PBXResourcesBuildPhase;
			buildActionMask = 2147483647;
			files = (
				7752CDD3241411B700231341 /* LaunchScreen.storyboard in Resources */,
				7752CDDB24141D3500231341 /* GoogleService-Info.plist in Resources */,
				7752CDD0241411B700231341 /* Assets.xcassets in Resources */,
				7752CDCE241411B400231341 /* Main.storyboard in Resources */,
			);
			runOnlyForDeploymentPostprocessing = 0;
		};
/* End PBXResourcesBuildPhase section */

/* Begin PBXShellScriptBuildPhase section */
		7C816590C653CE98AA7BD8A4 /* [CP] Check Pods Manifest.lock */ = {
			isa = PBXShellScriptBuildPhase;
			buildActionMask = 2147483647;
			files = (
			);
			inputFileListPaths = (
			);
			inputPaths = (
				"${PODS_PODFILE_DIR_PATH}/Podfile.lock",
				"${PODS_ROOT}/Manifest.lock",
			);
			name = "[CP] Check Pods Manifest.lock";
			outputFileListPaths = (
			);
			outputPaths = (
				"$(DERIVED_FILE_DIR)/Pods-Frizzly-checkManifestLockResult.txt",
			);
			runOnlyForDeploymentPostprocessing = 0;
			shellPath = /bin/sh;
			shellScript = "diff \"${PODS_PODFILE_DIR_PATH}/Podfile.lock\" \"${PODS_ROOT}/Manifest.lock\" > /dev/null\nif [ $? != 0 ] ; then\n    # print error to STDERR\n    echo \"error: The sandbox is not in sync with the Podfile.lock. Run 'pod install' or update your CocoaPods installation.\" >&2\n    exit 1\nfi\n# This output is used by Xcode 'outputs' to avoid re-running this script phase.\necho \"SUCCESS\" > \"${SCRIPT_OUTPUT_FILE_0}\"\n";
			showEnvVarsInLog = 0;
		};
		A8E7A597680512AFB79ABFFA /* [CP] Embed Pods Frameworks */ = {
			isa = PBXShellScriptBuildPhase;
			buildActionMask = 2147483647;
			files = (
			);
			inputFileListPaths = (
			);
			inputPaths = (
				"${PODS_ROOT}/Target Support Files/Pods-Frizzly/Pods-Frizzly-frameworks.sh",
				"${BUILT_PRODUCTS_DIR}/GTMSessionFetcher/GTMSessionFetcher.framework",
				"${BUILT_PRODUCTS_DIR}/GoogleToolboxForMac/GoogleToolboxForMac.framework",
				"${BUILT_PRODUCTS_DIR}/GoogleUtilities/GoogleUtilities.framework",
				"${BUILT_PRODUCTS_DIR}/leveldb-library/leveldb.framework",
			);
			name = "[CP] Embed Pods Frameworks";
			outputFileListPaths = (
			);
			outputPaths = (
				"${TARGET_BUILD_DIR}/${FRAMEWORKS_FOLDER_PATH}/GTMSessionFetcher.framework",
				"${TARGET_BUILD_DIR}/${FRAMEWORKS_FOLDER_PATH}/GoogleToolboxForMac.framework",
				"${TARGET_BUILD_DIR}/${FRAMEWORKS_FOLDER_PATH}/GoogleUtilities.framework",
				"${TARGET_BUILD_DIR}/${FRAMEWORKS_FOLDER_PATH}/leveldb.framework",
			);
			runOnlyForDeploymentPostprocessing = 0;
			shellPath = /bin/sh;
			shellScript = "\"${PODS_ROOT}/Target Support Files/Pods-Frizzly/Pods-Frizzly-frameworks.sh\"\n";
			showEnvVarsInLog = 0;
		};
		C99E0379B978E4BD7E1C3699 /* [CP] Copy Pods Resources */ = {
			isa = PBXShellScriptBuildPhase;
			buildActionMask = 2147483647;
			files = (
			);
			inputFileListPaths = (
			);
			inputPaths = (
				"${PODS_ROOT}/Target Support Files/Pods-Frizzly/Pods-Frizzly-resources.sh",
				"${PODS_ROOT}/GoogleSignIn/Resources/GoogleSignIn.bundle",
			);
			name = "[CP] Copy Pods Resources";
			outputFileListPaths = (
			);
			outputPaths = (
				"${TARGET_BUILD_DIR}/${UNLOCALIZED_RESOURCES_FOLDER_PATH}/GoogleSignIn.bundle",
			);
			runOnlyForDeploymentPostprocessing = 0;
			shellPath = /bin/sh;
			shellScript = "\"${PODS_ROOT}/Target Support Files/Pods-Frizzly/Pods-Frizzly-resources.sh\"\n";
			showEnvVarsInLog = 0;
		};
/* End PBXShellScriptBuildPhase section */

/* Begin PBXSourcesBuildPhase section */
		7752CDC1241411B400231341 /* Sources */ = {
			isa = PBXSourcesBuildPhase;
			buildActionMask = 2147483647;
			files = (
				77ACA2D024141F680048F1DE /* custom+Navigation.swift in Sources */,
				77ACA2D524141F680048F1DE /* google+SignIn.swift in Sources */,
				77ACA2D424141F680048F1DE /* haptic+Feedback.swift in Sources */,
				77ACA2D124141F680048F1DE /* keyboard+Hide.swift in Sources */,
				77ACA2DE24141F840048F1DE /* constant+Functions.swift in Sources */,
				77ACA2D624141F680048F1DE /* email+SignOut.swift in Sources */,
				77ACA2D224141F680048F1DE /* instantiate+ViewController.swift in Sources */,
				77ACA2E424141F8B0048F1DE /* Reachability.swift in Sources */,
				77ACA2CF24141F680048F1DE /* checkNetwork.swift in Sources */,
				77ACA2D324141F680048F1DE /* alert+Function.swift in Sources */,
				7752CDCB241411B400231341 /* ViewController.swift in Sources */,
				7752CDC9241411B400231341 /* AppDelegate.swift in Sources */,
				77ACA2E124141F840048F1DE /* RoundedCornerView.swift in Sources */,
			);
			runOnlyForDeploymentPostprocessing = 0;
		};
/* End PBXSourcesBuildPhase section */

/* Begin PBXVariantGroup section */
		7752CDCC241411B400231341 /* Main.storyboard */ = {
			isa = PBXVariantGroup;
			children = (
				7752CDCD241411B400231341 /* Base */,
			);
			name = Main.storyboard;
			sourceTree = "<group>";
		};
		7752CDD1241411B700231341 /* LaunchScreen.storyboard */ = {
			isa = PBXVariantGroup;
			children = (
				7752CDD2241411B700231341 /* Base */,
			);
			name = LaunchScreen.storyboard;
			sourceTree = "<group>";
		};
/* End PBXVariantGroup section */

/* Begin XCBuildConfiguration section */
		7752CDD5241411B700231341 /* Debug */ = {
			isa = XCBuildConfiguration;
			buildSettings = {
				ALWAYS_SEARCH_USER_PATHS = NO;
				CLANG_ANALYZER_NONNULL = YES;
				CLANG_ANALYZER_NUMBER_OBJECT_CONVERSION = YES_AGGRESSIVE;
				CLANG_CXX_LANGUAGE_STANDARD = "gnu++14";
				CLANG_CXX_LIBRARY = "libc++";
				CLANG_ENABLE_MODULES = YES;
				CLANG_ENABLE_OBJC_ARC = YES;
				CLANG_ENABLE_OBJC_WEAK = YES;
				CLANG_WARN_BLOCK_CAPTURE_AUTORELEASING = YES;
				CLANG_WARN_BOOL_CONVERSION = YES;
				CLANG_WARN_COMMA = YES;
				CLANG_WARN_CONSTANT_CONVERSION = YES;
				CLANG_WARN_DEPRECATED_OBJC_IMPLEMENTATIONS = YES;
				CLANG_WARN_DIRECT_OBJC_ISA_USAGE = YES_ERROR;
				CLANG_WARN_DOCUMENTATION_COMMENTS = YES;
				CLANG_WARN_EMPTY_BODY = YES;
				CLANG_WARN_ENUM_CONVERSION = YES;
				CLANG_WARN_INFINITE_RECURSION = YES;
				CLANG_WARN_INT_CONVERSION = YES;
				CLANG_WARN_NON_LITERAL_NULL_CONVERSION = YES;
				CLANG_WARN_OBJC_IMPLICIT_RETAIN_SELF = YES;
				CLANG_WARN_OBJC_LITERAL_CONVERSION = YES;
				CLANG_WARN_OBJC_ROOT_CLASS = YES_ERROR;
				CLANG_WARN_RANGE_LOOP_ANALYSIS = YES;
				CLANG_WARN_STRICT_PROTOTYPES = YES;
				CLANG_WARN_SUSPICIOUS_MOVE = YES;
				CLANG_WARN_UNGUARDED_AVAILABILITY = YES_AGGRESSIVE;
				CLANG_WARN_UNREACHABLE_CODE = YES;
				CLANG_WARN__DUPLICATE_METHOD_MATCH = YES;
				CODE_SIGN_IDENTITY = "iPhone Developer";
				COPY_PHASE_STRIP = NO;
				DEBUG_INFORMATION_FORMAT = dwarf;
				ENABLE_STRICT_OBJC_MSGSEND = YES;
				ENABLE_TESTABILITY = YES;
				GCC_C_LANGUAGE_STANDARD = gnu11;
				GCC_DYNAMIC_NO_PIC = NO;
				GCC_NO_COMMON_BLOCKS = YES;
				GCC_OPTIMIZATION_LEVEL = 0;
				GCC_PREPROCESSOR_DEFINITIONS = (
					"DEBUG=1",
					"$(inherited)",
				);
				GCC_WARN_64_TO_32_BIT_CONVERSION = YES;
				GCC_WARN_ABOUT_RETURN_TYPE = YES_ERROR;
				GCC_WARN_UNDECLARED_SELECTOR = YES;
				GCC_WARN_UNINITIALIZED_AUTOS = YES_AGGRESSIVE;
				GCC_WARN_UNUSED_FUNCTION = YES;
				GCC_WARN_UNUSED_VARIABLE = YES;
				IPHONEOS_DEPLOYMENT_TARGET = 12.1;
				MTL_ENABLE_DEBUG_INFO = INCLUDE_SOURCE;
				MTL_FAST_MATH = YES;
				ONLY_ACTIVE_ARCH = YES;
				SDKROOT = iphoneos;
				SWIFT_ACTIVE_COMPILATION_CONDITIONS = DEBUG;
				SWIFT_OPTIMIZATION_LEVEL = "-Onone";
			};
			name = Debug;
		};
		7752CDD6241411B700231341 /* Release */ = {
			isa = XCBuildConfiguration;
			buildSettings = {
				ALWAYS_SEARCH_USER_PATHS = NO;
				CLANG_ANALYZER_NONNULL = YES;
				CLANG_ANALYZER_NUMBER_OBJECT_CONVERSION = YES_AGGRESSIVE;
				CLANG_CXX_LANGUAGE_STANDARD = "gnu++14";
				CLANG_CXX_LIBRARY = "libc++";
				CLANG_ENABLE_MODULES = YES;
				CLANG_ENABLE_OBJC_ARC = YES;
				CLANG_ENABLE_OBJC_WEAK = YES;
				CLANG_WARN_BLOCK_CAPTURE_AUTORELEASING = YES;
				CLANG_WARN_BOOL_CONVERSION = YES;
				CLANG_WARN_COMMA = YES;
				CLANG_WARN_CONSTANT_CONVERSION = YES;
				CLANG_WARN_DEPRECATED_OBJC_IMPLEMENTATIONS = YES;
				CLANG_WARN_DIRECT_OBJC_ISA_USAGE = YES_ERROR;
				CLANG_WARN_DOCUMENTATION_COMMENTS = YES;
				CLANG_WARN_EMPTY_BODY = YES;
				CLANG_WARN_ENUM_CONVERSION = YES;
				CLANG_WARN_INFINITE_RECURSION = YES;
				CLANG_WARN_INT_CONVERSION = YES;
				CLANG_WARN_NON_LITERAL_NULL_CONVERSION = YES;
				CLANG_WARN_OBJC_IMPLICIT_RETAIN_SELF = YES;
				CLANG_WARN_OBJC_LITERAL_CONVERSION = YES;
				CLANG_WARN_OBJC_ROOT_CLASS = YES_ERROR;
				CLANG_WARN_RANGE_LOOP_ANALYSIS = YES;
				CLANG_WARN_STRICT_PROTOTYPES = YES;
				CLANG_WARN_SUSPICIOUS_MOVE = YES;
				CLANG_WARN_UNGUARDED_AVAILABILITY = YES_AGGRESSIVE;
				CLANG_WARN_UNREACHABLE_CODE = YES;
				CLANG_WARN__DUPLICATE_METHOD_MATCH = YES;
				CODE_SIGN_IDENTITY = "iPhone Developer";
				COPY_PHASE_STRIP = NO;
				DEBUG_INFORMATION_FORMAT = "dwarf-with-dsym";
				ENABLE_NS_ASSERTIONS = NO;
				ENABLE_STRICT_OBJC_MSGSEND = YES;
				GCC_C_LANGUAGE_STANDARD = gnu11;
				GCC_NO_COMMON_BLOCKS = YES;
				GCC_WARN_64_TO_32_BIT_CONVERSION = YES;
				GCC_WARN_ABOUT_RETURN_TYPE = YES_ERROR;
				GCC_WARN_UNDECLARED_SELECTOR = YES;
				GCC_WARN_UNINITIALIZED_AUTOS = YES_AGGRESSIVE;
				GCC_WARN_UNUSED_FUNCTION = YES;
				GCC_WARN_UNUSED_VARIABLE = YES;
				IPHONEOS_DEPLOYMENT_TARGET = 12.1;
				MTL_ENABLE_DEBUG_INFO = NO;
				MTL_FAST_MATH = YES;
				SDKROOT = iphoneos;
				SWIFT_COMPILATION_MODE = wholemodule;
				SWIFT_OPTIMIZATION_LEVEL = "-O";
				VALIDATE_PRODUCT = YES;
			};
			name = Release;
		};
		7752CDD8241411B700231341 /* Debug */ = {
			isa = XCBuildConfiguration;
			baseConfigurationReference = A0A1C1670A2F0E0C3B9BA096 /* Pods-Frizzly.debug.xcconfig */;
			buildSettings = {
				ASSETCATALOG_COMPILER_APPICON_NAME = AppIcon;
				CODE_SIGN_STYLE = Automatic;
				INFOPLIST_FILE = Frizzly/Info.plist;
				LD_RUNPATH_SEARCH_PATHS = (
					"$(inherited)",
					"@executable_path/Frameworks",
				);
				PRODUCT_BUNDLE_IDENTIFIER = in.devangpatel.Frizzly;
				PRODUCT_NAME = "$(TARGET_NAME)";
				SWIFT_VERSION = 4.2;
				TARGETED_DEVICE_FAMILY = "1,2";
			};
			name = Debug;
		};
		7752CDD9241411B700231341 /* Release */ = {
			isa = XCBuildConfiguration;
			baseConfigurationReference = 66FD6098A7B71F0DE7CD0EF7 /* Pods-Frizzly.release.xcconfig */;
			buildSettings = {
				ASSETCATALOG_COMPILER_APPICON_NAME = AppIcon;
				CODE_SIGN_STYLE = Automatic;
				INFOPLIST_FILE = Frizzly/Info.plist;
				LD_RUNPATH_SEARCH_PATHS = (
					"$(inherited)",
					"@executable_path/Frameworks",
				);
				PRODUCT_BUNDLE_IDENTIFIER = in.devangpatel.Frizzly;
				PRODUCT_NAME = "$(TARGET_NAME)";
				SWIFT_VERSION = 4.2;
				TARGETED_DEVICE_FAMILY = "1,2";
			};
			name = Release;
		};
/* End XCBuildConfiguration section */

/* Begin XCConfigurationList section */
		7752CDC0241411B400231341 /* Build configuration list for PBXProject "Frizzly" */ = {
			isa = XCConfigurationList;
			buildConfigurations = (
				7752CDD5241411B700231341 /* Debug */,
				7752CDD6241411B700231341 /* Release */,
			);
			defaultConfigurationIsVisible = 0;
			defaultConfigurationName = Release;
		};
		7752CDD7241411B700231341 /* Build configuration list for PBXNativeTarget "Frizzly" */ = {
			isa = XCConfigurationList;
			buildConfigurations = (
				7752CDD8241411B700231341 /* Debug */,
				7752CDD9241411B700231341 /* Release */,
			);
			defaultConfigurationIsVisible = 0;
			defaultConfigurationName = Release;
		};
/* End XCConfigurationList section */
	};
	rootObject = 7752CDBD241411B400231341 /* Project object */;
}
